// !$*UTF8*$!
{
	archiveVersion = 1;
	classes = {
	};
	objectVersion = 48;
	objects = {

/* Begin PBXBuildFile section */
		7C0CD44F200647E000F39134 /* SDPlaceManager.swift in Sources */ = {isa = PBXBuildFile; fileRef = 7C0CD44E200647E000F39134 /* SDPlaceManager.swift */; };
		7C0CD4512006490600F39134 /* SDPlace.swift in Sources */ = {isa = PBXBuildFile; fileRef = 7C0CD4502006490600F39134 /* SDPlace.swift */; };
		7C0CD45A200650F100F39134 /* AppDelegate.swift in Sources */ = {isa = PBXBuildFile; fileRef = 7C0CD459200650F100F39134 /* AppDelegate.swift */; };
		7C0CD45C200650F100F39134 /* FirstViewController.swift in Sources */ = {isa = PBXBuildFile; fileRef = 7C0CD45B200650F100F39134 /* FirstViewController.swift */; };
		7C0CD45E200650F100F39134 /* SecondViewController.swift in Sources */ = {isa = PBXBuildFile; fileRef = 7C0CD45D200650F100F39134 /* SecondViewController.swift */; };
		7C0CD461200650F100F39134 /* Main.storyboard in Resources */ = {isa = PBXBuildFile; fileRef = 7C0CD45F200650F100F39134 /* Main.storyboard */; };
		7C0CD463200650F100F39134 /* Assets.xcassets in Resources */ = {isa = PBXBuildFile; fileRef = 7C0CD462200650F100F39134 /* Assets.xcassets */; };
		7C0CD466200650F100F39134 /* LaunchScreen.storyboard in Resources */ = {isa = PBXBuildFile; fileRef = 7C0CD464200650F100F39134 /* LaunchScreen.storyboard */; };
		7C0CD471200650F100F39134 /* DemoAppTests.swift in Sources */ = {isa = PBXBuildFile; fileRef = 7C0CD470200650F100F39134 /* DemoAppTests.swift */; };
		7C0CD47D2006531200F39134 /* SwiftyDuke.framework in Frameworks */ = {isa = PBXBuildFile; fileRef = 7C5D99B11FDCDA9B00FB1D5C /* SwiftyDuke.framework */; };
		7C0CD47E2006531200F39134 /* SwiftyDuke.framework in Embed Frameworks */ = {isa = PBXBuildFile; fileRef = 7C5D99B11FDCDA9B00FB1D5C /* SwiftyDuke.framework */; settings = {ATTRIBUTES = (CodeSignOnCopy, RemoveHeadersOnCopy, ); }; };
		7C0CD48320065C3D00F39134 /* CourseTableViewCell.swift in Sources */ = {isa = PBXBuildFile; fileRef = 7C0CD48220065C3D00F39134 /* CourseTableViewCell.swift */; };
		7C0CD48520065E1E00F39134 /* CurriculumViewController.swift in Sources */ = {isa = PBXBuildFile; fileRef = 7C0CD48420065E1E00F39134 /* CurriculumViewController.swift */; };
		7C0CD4872006607D00F39134 /* CourseViewController.swift in Sources */ = {isa = PBXBuildFile; fileRef = 7C0CD4862006607D00F39134 /* CourseViewController.swift */; };
		7C0CD48A2006639F00F39134 /* IdentityViewController.swift in Sources */ = {isa = PBXBuildFile; fileRef = 7C0CD4892006639F00F39134 /* IdentityViewController.swift */; };
		7C0CD48C2006775C00F39134 /* SDCourse.swift in Sources */ = {isa = PBXBuildFile; fileRef = 7C0CD48B2006775C00F39134 /* SDCourse.swift */; };
		7C0CD48E20067F8100F39134 /* OutlineTableViewCell.swift in Sources */ = {isa = PBXBuildFile; fileRef = 7C0CD48D20067F8100F39134 /* OutlineTableViewCell.swift */; };
		7C5D99BB1FDCDA9B00FB1D5C /* SwiftyDuke.framework in Frameworks */ = {isa = PBXBuildFile; fileRef = 7C5D99B11FDCDA9B00FB1D5C /* SwiftyDuke.framework */; };
		7C5D99C01FDCDA9B00FB1D5C /* SwiftyDukeTests.swift in Sources */ = {isa = PBXBuildFile; fileRef = 7C5D99BF1FDCDA9B00FB1D5C /* SwiftyDukeTests.swift */; };
		7C5D99C21FDCDA9B00FB1D5C /* SwiftyDuke.h in Headers */ = {isa = PBXBuildFile; fileRef = 7C5D99B41FDCDA9B00FB1D5C /* SwiftyDuke.h */; settings = {ATTRIBUTES = (Public, ); }; };
		7C5D99CC1FDCDAB600FB1D5C /* SDRequester.swift in Sources */ = {isa = PBXBuildFile; fileRef = 7C5D99CB1FDCDAB600FB1D5C /* SDRequester.swift */; };
		7C5D99CF1FDCDB5000FB1D5C /* SDIdentityManager.swift in Sources */ = {isa = PBXBuildFile; fileRef = 7C5D99CE1FDCDB5000FB1D5C /* SDIdentityManager.swift */; };
		7C8666051FEBC337003022D1 /* SDAuthenticator.swift in Sources */ = {isa = PBXBuildFile; fileRef = 7C8666041FEBC337003022D1 /* SDAuthenticator.swift */; };
		7C8666071FEBD681003022D1 /* SDSocial.swift in Sources */ = {isa = PBXBuildFile; fileRef = 7C8666061FEBD681003022D1 /* SDSocial.swift */; };
		7C8666091FEBD741003022D1 /* SDConstants.swift in Sources */ = {isa = PBXBuildFile; fileRef = 7C8666081FEBD741003022D1 /* SDConstants.swift */; };
		7C86660F1FF99F77003022D1 /* SDParser.swift in Sources */ = {isa = PBXBuildFile; fileRef = 7C86660E1FF99F77003022D1 /* SDParser.swift */; };
		7C8666111FF9A44D003022D1 /* SDCurriculum.swift in Sources */ = {isa = PBXBuildFile; fileRef = 7C8666101FF9A44C003022D1 /* SDCurriculum.swift */; };
/* End PBXBuildFile section */

/* Begin PBXContainerItemProxy section */
		7C0CD46D200650F100F39134 /* PBXContainerItemProxy */ = {
			isa = PBXContainerItemProxy;
			containerPortal = 7C5D99A81FDCDA9A00FB1D5C /* Project object */;
			proxyType = 1;
			remoteGlobalIDString = 7C0CD456200650F100F39134;
			remoteInfo = DemoApp;
		};
		7C0CD47F2006531200F39134 /* PBXContainerItemProxy */ = {
			isa = PBXContainerItemProxy;
			containerPortal = 7C5D99A81FDCDA9A00FB1D5C /* Project object */;
			proxyType = 1;
			remoteGlobalIDString = 7C5D99B01FDCDA9B00FB1D5C;
			remoteInfo = SwiftyDuke;
		};
		7C5D99BC1FDCDA9B00FB1D5C /* PBXContainerItemProxy */ = {
			isa = PBXContainerItemProxy;
			containerPortal = 7C5D99A81FDCDA9A00FB1D5C /* Project object */;
			proxyType = 1;
			remoteGlobalIDString = 7C5D99B01FDCDA9B00FB1D5C;
			remoteInfo = SwiftyDuke;
		};
/* End PBXContainerItemProxy section */

/* Begin PBXCopyFilesBuildPhase section */
		7C0CD4812006531200F39134 /* Embed Frameworks */ = {
			isa = PBXCopyFilesBuildPhase;
			buildActionMask = 2147483647;
			dstPath = "";
			dstSubfolderSpec = 10;
			files = (
				7C0CD47E2006531200F39134 /* SwiftyDuke.framework in Embed Frameworks */,
			);
			name = "Embed Frameworks";
			runOnlyForDeploymentPostprocessing = 0;
		};
/* End PBXCopyFilesBuildPhase section */

/* Begin PBXFileReference section */
		7C0CD44E200647E000F39134 /* SDPlaceManager.swift */ = {isa = PBXFileReference; lastKnownFileType = sourcecode.swift; path = SDPlaceManager.swift; sourceTree = "<group>"; };
		7C0CD4502006490600F39134 /* SDPlace.swift */ = {isa = PBXFileReference; lastKnownFileType = sourcecode.swift; path = SDPlace.swift; sourceTree = "<group>"; };
		7C0CD457200650F100F39134 /* DemoApp.app */ = {isa = PBXFileReference; explicitFileType = wrapper.application; includeInIndex = 0; path = DemoApp.app; sourceTree = BUILT_PRODUCTS_DIR; };
		7C0CD459200650F100F39134 /* AppDelegate.swift */ = {isa = PBXFileReference; lastKnownFileType = sourcecode.swift; path = AppDelegate.swift; sourceTree = "<group>"; };
		7C0CD45B200650F100F39134 /* FirstViewController.swift */ = {isa = PBXFileReference; lastKnownFileType = sourcecode.swift; path = FirstViewController.swift; sourceTree = "<group>"; };
		7C0CD45D200650F100F39134 /* SecondViewController.swift */ = {isa = PBXFileReference; lastKnownFileType = sourcecode.swift; path = SecondViewController.swift; sourceTree = "<group>"; };
		7C0CD460200650F100F39134 /* Base */ = {isa = PBXFileReference; lastKnownFileType = file.storyboard; name = Base; path = Base.lproj/Main.storyboard; sourceTree = "<group>"; };
		7C0CD462200650F100F39134 /* Assets.xcassets */ = {isa = PBXFileReference; lastKnownFileType = folder.assetcatalog; path = Assets.xcassets; sourceTree = "<group>"; };
		7C0CD465200650F100F39134 /* Base */ = {isa = PBXFileReference; lastKnownFileType = file.storyboard; name = Base; path = Base.lproj/LaunchScreen.storyboard; sourceTree = "<group>"; };
		7C0CD467200650F100F39134 /* Info.plist */ = {isa = PBXFileReference; lastKnownFileType = text.plist.xml; path = Info.plist; sourceTree = "<group>"; };
		7C0CD46C200650F100F39134 /* DemoAppTests.xctest */ = {isa = PBXFileReference; explicitFileType = wrapper.cfbundle; includeInIndex = 0; path = DemoAppTests.xctest; sourceTree = BUILT_PRODUCTS_DIR; };
		7C0CD470200650F100F39134 /* DemoAppTests.swift */ = {isa = PBXFileReference; lastKnownFileType = sourcecode.swift; path = DemoAppTests.swift; sourceTree = "<group>"; };
		7C0CD472200650F100F39134 /* Info.plist */ = {isa = PBXFileReference; lastKnownFileType = text.plist.xml; path = Info.plist; sourceTree = "<group>"; };
		7C0CD48220065C3D00F39134 /* CourseTableViewCell.swift */ = {isa = PBXFileReference; lastKnownFileType = sourcecode.swift; path = CourseTableViewCell.swift; sourceTree = "<group>"; };
		7C0CD48420065E1E00F39134 /* CurriculumViewController.swift */ = {isa = PBXFileReference; lastKnownFileType = sourcecode.swift; path = CurriculumViewController.swift; sourceTree = "<group>"; };
		7C0CD4862006607D00F39134 /* CourseViewController.swift */ = {isa = PBXFileReference; lastKnownFileType = sourcecode.swift; path = CourseViewController.swift; sourceTree = "<group>"; };
		7C0CD4892006639F00F39134 /* IdentityViewController.swift */ = {isa = PBXFileReference; lastKnownFileType = sourcecode.swift; path = IdentityViewController.swift; sourceTree = "<group>"; };
		7C0CD48B2006775C00F39134 /* SDCourse.swift */ = {isa = PBXFileReference; lastKnownFileType = sourcecode.swift; path = SDCourse.swift; sourceTree = "<group>"; };
		7C0CD48D20067F8100F39134 /* OutlineTableViewCell.swift */ = {isa = PBXFileReference; lastKnownFileType = sourcecode.swift; path = OutlineTableViewCell.swift; sourceTree = "<group>"; };
		7C5D99B11FDCDA9B00FB1D5C /* SwiftyDuke.framework */ = {isa = PBXFileReference; explicitFileType = wrapper.framework; includeInIndex = 0; path = SwiftyDuke.framework; sourceTree = BUILT_PRODUCTS_DIR; };
		7C5D99B41FDCDA9B00FB1D5C /* SwiftyDuke.h */ = {isa = PBXFileReference; lastKnownFileType = sourcecode.c.h; path = SwiftyDuke.h; sourceTree = "<group>"; };
		7C5D99B51FDCDA9B00FB1D5C /* Info.plist */ = {isa = PBXFileReference; lastKnownFileType = text.plist.xml; path = Info.plist; sourceTree = "<group>"; };
		7C5D99BA1FDCDA9B00FB1D5C /* SwiftyDukeTests.xctest */ = {isa = PBXFileReference; explicitFileType = wrapper.cfbundle; includeInIndex = 0; path = SwiftyDukeTests.xctest; sourceTree = BUILT_PRODUCTS_DIR; };
		7C5D99BF1FDCDA9B00FB1D5C /* SwiftyDukeTests.swift */ = {isa = PBXFileReference; lastKnownFileType = sourcecode.swift; path = SwiftyDukeTests.swift; sourceTree = "<group>"; };
		7C5D99C11FDCDA9B00FB1D5C /* Info.plist */ = {isa = PBXFileReference; lastKnownFileType = text.plist.xml; path = Info.plist; sourceTree = "<group>"; };
		7C5D99CB1FDCDAB600FB1D5C /* SDRequester.swift */ = {isa = PBXFileReference; lastKnownFileType = sourcecode.swift; path = SDRequester.swift; sourceTree = "<group>"; };
		7C5D99CE1FDCDB5000FB1D5C /* SDIdentityManager.swift */ = {isa = PBXFileReference; lastKnownFileType = sourcecode.swift; path = SDIdentityManager.swift; sourceTree = "<group>"; };
		7C8666041FEBC337003022D1 /* SDAuthenticator.swift */ = {isa = PBXFileReference; lastKnownFileType = sourcecode.swift; path = SDAuthenticator.swift; sourceTree = "<group>"; };
		7C8666061FEBD681003022D1 /* SDSocial.swift */ = {isa = PBXFileReference; lastKnownFileType = sourcecode.swift; path = SDSocial.swift; sourceTree = "<group>"; };
		7C8666081FEBD741003022D1 /* SDConstants.swift */ = {isa = PBXFileReference; lastKnownFileType = sourcecode.swift; path = SDConstants.swift; sourceTree = "<group>"; };
		7C86660E1FF99F77003022D1 /* SDParser.swift */ = {isa = PBXFileReference; lastKnownFileType = sourcecode.swift; path = SDParser.swift; sourceTree = "<group>"; };
		7C8666101FF9A44C003022D1 /* SDCurriculum.swift */ = {isa = PBXFileReference; lastKnownFileType = sourcecode.swift; path = SDCurriculum.swift; sourceTree = "<group>"; };
/* End PBXFileReference section */

/* Begin PBXFrameworksBuildPhase section */
		7C0CD454200650F100F39134 /* Frameworks */ = {
			isa = PBXFrameworksBuildPhase;
			buildActionMask = 2147483647;
			files = (
				7C0CD47D2006531200F39134 /* SwiftyDuke.framework in Frameworks */,
			);
			runOnlyForDeploymentPostprocessing = 0;
		};
		7C0CD469200650F100F39134 /* Frameworks */ = {
			isa = PBXFrameworksBuildPhase;
			buildActionMask = 2147483647;
			files = (
			);
			runOnlyForDeploymentPostprocessing = 0;
		};
		7C5D99AD1FDCDA9B00FB1D5C /* Frameworks */ = {
			isa = PBXFrameworksBuildPhase;
			buildActionMask = 2147483647;
			files = (
			);
			runOnlyForDeploymentPostprocessing = 0;
		};
		7C5D99B71FDCDA9B00FB1D5C /* Frameworks */ = {
			isa = PBXFrameworksBuildPhase;
			buildActionMask = 2147483647;
			files = (
				7C5D99BB1FDCDA9B00FB1D5C /* SwiftyDuke.framework in Frameworks */,
			);
			runOnlyForDeploymentPostprocessing = 0;
		};
/* End PBXFrameworksBuildPhase section */

/* Begin PBXGroup section */
		7C0CD4522006490E00F39134 /* Models */ = {
			isa = PBXGroup;
			children = (
				7C0CD4502006490600F39134 /* SDPlace.swift */,
				7C0CD48B2006775C00F39134 /* SDCourse.swift */,
			);
			path = Models;
			sourceTree = "<group>";
		};
		7C0CD458200650F100F39134 /* DemoApp */ = {
			isa = PBXGroup;
			children = (
				7C0CD459200650F100F39134 /* AppDelegate.swift */,
				7C0CD45B200650F100F39134 /* FirstViewController.swift */,
				7C0CD45D200650F100F39134 /* SecondViewController.swift */,
				7C0CD45F200650F100F39134 /* Main.storyboard */,
				7C0CD462200650F100F39134 /* Assets.xcassets */,
				7C0CD464200650F100F39134 /* LaunchScreen.storyboard */,
				7C0CD467200650F100F39134 /* Info.plist */,
				7C0CD48220065C3D00F39134 /* CourseTableViewCell.swift */,
				7C0CD48420065E1E00F39134 /* CurriculumViewController.swift */,
				7C0CD4862006607D00F39134 /* CourseViewController.swift */,
				7C0CD4892006639F00F39134 /* IdentityViewController.swift */,
				7C0CD48D20067F8100F39134 /* OutlineTableViewCell.swift */,
			);
			path = DemoApp;
			sourceTree = "<group>";
		};
		7C0CD46F200650F100F39134 /* DemoAppTests */ = {
			isa = PBXGroup;
			children = (
				7C0CD470200650F100F39134 /* DemoAppTests.swift */,
				7C0CD472200650F100F39134 /* Info.plist */,
			);
			path = DemoAppTests;
			sourceTree = "<group>";
		};
		7C5D99A71FDCDA9A00FB1D5C = {
			isa = PBXGroup;
			children = (
				7C5D99B31FDCDA9B00FB1D5C /* SwiftyDuke */,
				7C5D99BE1FDCDA9B00FB1D5C /* SwiftyDukeTests */,
				7C0CD458200650F100F39134 /* DemoApp */,
				7C0CD46F200650F100F39134 /* DemoAppTests */,
				7C5D99B21FDCDA9B00FB1D5C /* Products */,
			);
			sourceTree = "<group>";
		};
		7C5D99B21FDCDA9B00FB1D5C /* Products */ = {
			isa = PBXGroup;
			children = (
				7C5D99B11FDCDA9B00FB1D5C /* SwiftyDuke.framework */,
				7C5D99BA1FDCDA9B00FB1D5C /* SwiftyDukeTests.xctest */,
				7C0CD457200650F100F39134 /* DemoApp.app */,
				7C0CD46C200650F100F39134 /* DemoAppTests.xctest */,
			);
			name = Products;
			sourceTree = "<group>";
		};
		7C5D99B31FDCDA9B00FB1D5C /* SwiftyDuke */ = {
			isa = PBXGroup;
			children = (
				7C0CD4522006490E00F39134 /* Models */,
				7C5D99B41FDCDA9B00FB1D5C /* SwiftyDuke.h */,
				7C5D99B51FDCDA9B00FB1D5C /* Info.plist */,
				7C5D99CB1FDCDAB600FB1D5C /* SDRequester.swift */,
				7C5D99CE1FDCDB5000FB1D5C /* SDIdentityManager.swift */,
				7C8666041FEBC337003022D1 /* SDAuthenticator.swift */,
				7C8666061FEBD681003022D1 /* SDSocial.swift */,
				7C8666081FEBD741003022D1 /* SDConstants.swift */,
				7C86660E1FF99F77003022D1 /* SDParser.swift */,
				7C8666101FF9A44C003022D1 /* SDCurriculum.swift */,
				7C0CD44E200647E000F39134 /* SDPlaceManager.swift */,
			);
			path = SwiftyDuke;
			sourceTree = "<group>";
		};
		7C5D99BE1FDCDA9B00FB1D5C /* SwiftyDukeTests */ = {
			isa = PBXGroup;
			children = (
				7C5D99BF1FDCDA9B00FB1D5C /* SwiftyDukeTests.swift */,
				7C5D99C11FDCDA9B00FB1D5C /* Info.plist */,
			);
			path = SwiftyDukeTests;
			sourceTree = "<group>";
		};
/* End PBXGroup section */

/* Begin PBXHeadersBuildPhase section */
		7C5D99AE1FDCDA9B00FB1D5C /* Headers */ = {
			isa = PBXHeadersBuildPhase;
			buildActionMask = 2147483647;
			files = (
				7C5D99C21FDCDA9B00FB1D5C /* SwiftyDuke.h in Headers */,
			);
			runOnlyForDeploymentPostprocessing = 0;
		};
/* End PBXHeadersBuildPhase section */

/* Begin PBXNativeTarget section */
		7C0CD456200650F100F39134 /* DemoApp */ = {
			isa = PBXNativeTarget;
			buildConfigurationList = 7C0CD473200650F100F39134 /* Build configuration list for PBXNativeTarget "DemoApp" */;
			buildPhases = (
				7C0CD453200650F100F39134 /* Sources */,
				7C0CD454200650F100F39134 /* Frameworks */,
				7C0CD455200650F100F39134 /* Resources */,
				7C0CD4812006531200F39134 /* Embed Frameworks */,
			);
			buildRules = (
			);
			dependencies = (
				7C0CD4802006531200F39134 /* PBXTargetDependency */,
			);
			name = DemoApp;
			productName = DemoApp;
			productReference = 7C0CD457200650F100F39134 /* DemoApp.app */;
			productType = "com.apple.product-type.application";
		};
		7C0CD46B200650F100F39134 /* DemoAppTests */ = {
			isa = PBXNativeTarget;
			buildConfigurationList = 7C0CD476200650F100F39134 /* Build configuration list for PBXNativeTarget "DemoAppTests" */;
			buildPhases = (
				7C0CD468200650F100F39134 /* Sources */,
				7C0CD469200650F100F39134 /* Frameworks */,
				7C0CD46A200650F100F39134 /* Resources */,
			);
			buildRules = (
			);
			dependencies = (
				7C0CD46E200650F100F39134 /* PBXTargetDependency */,
			);
			name = DemoAppTests;
			productName = DemoAppTests;
			productReference = 7C0CD46C200650F100F39134 /* DemoAppTests.xctest */;
			productType = "com.apple.product-type.bundle.unit-test";
		};
		7C5D99B01FDCDA9B00FB1D5C /* SwiftyDuke */ = {
			isa = PBXNativeTarget;
			buildConfigurationList = 7C5D99C51FDCDA9B00FB1D5C /* Build configuration list for PBXNativeTarget "SwiftyDuke" */;
			buildPhases = (
				7C5D99AC1FDCDA9B00FB1D5C /* Sources */,
				7C5D99AD1FDCDA9B00FB1D5C /* Frameworks */,
				7C5D99AE1FDCDA9B00FB1D5C /* Headers */,
				7C5D99AF1FDCDA9B00FB1D5C /* Resources */,
			);
			buildRules = (
			);
			dependencies = (
			);
			name = SwiftyDuke;
			productName = SwiftyDuke;
			productReference = 7C5D99B11FDCDA9B00FB1D5C /* SwiftyDuke.framework */;
			productType = "com.apple.product-type.framework";
		};
		7C5D99B91FDCDA9B00FB1D5C /* SwiftyDukeTests */ = {
			isa = PBXNativeTarget;
			buildConfigurationList = 7C5D99C81FDCDA9B00FB1D5C /* Build configuration list for PBXNativeTarget "SwiftyDukeTests" */;
			buildPhases = (
				7C5D99B61FDCDA9B00FB1D5C /* Sources */,
				7C5D99B71FDCDA9B00FB1D5C /* Frameworks */,
				7C5D99B81FDCDA9B00FB1D5C /* Resources */,
			);
			buildRules = (
			);
			dependencies = (
				7C5D99BD1FDCDA9B00FB1D5C /* PBXTargetDependency */,
			);
			name = SwiftyDukeTests;
			productName = SwiftyDukeTests;
			productReference = 7C5D99BA1FDCDA9B00FB1D5C /* SwiftyDukeTests.xctest */;
			productType = "com.apple.product-type.bundle.unit-test";
		};
/* End PBXNativeTarget section */

/* Begin PBXProject section */
		7C5D99A81FDCDA9A00FB1D5C /* Project object */ = {
			isa = PBXProject;
			attributes = {
				LastSwiftUpdateCheck = 0920;
				LastUpgradeCheck = 0920;
				ORGANIZATIONNAME = "Lucy Zhang";
				TargetAttributes = {
					7C0CD456200650F100F39134 = {
						CreatedOnToolsVersion = 9.2;
						ProvisioningStyle = Automatic;
					};
					7C0CD46B200650F100F39134 = {
						CreatedOnToolsVersion = 9.2;
						ProvisioningStyle = Automatic;
						TestTargetID = 7C0CD456200650F100F39134;
					};
					7C5D99B01FDCDA9B00FB1D5C = {
						CreatedOnToolsVersion = 9.2;
						LastSwiftMigration = 0920;
						ProvisioningStyle = Automatic;
					};
					7C5D99B91FDCDA9B00FB1D5C = {
						CreatedOnToolsVersion = 9.2;
						ProvisioningStyle = Automatic;
					};
				};
			};
			buildConfigurationList = 7C5D99AB1FDCDA9A00FB1D5C /* Build configuration list for PBXProject "SwiftyDuke" */;
			compatibilityVersion = "Xcode 8.0";
			developmentRegion = en;
			hasScannedForEncodings = 0;
			knownRegions = (
				en,
				Base,
			);
			mainGroup = 7C5D99A71FDCDA9A00FB1D5C;
			productRefGroup = 7C5D99B21FDCDA9B00FB1D5C /* Products */;
			projectDirPath = "";
			projectRoot = "";
			targets = (
				7C5D99B01FDCDA9B00FB1D5C /* SwiftyDuke */,
				7C5D99B91FDCDA9B00FB1D5C /* SwiftyDukeTests */,
				7C0CD456200650F100F39134 /* DemoApp */,
				7C0CD46B200650F100F39134 /* DemoAppTests */,
			);
		};
/* End PBXProject section */

/* Begin PBXResourcesBuildPhase section */
		7C0CD455200650F100F39134 /* Resources */ = {
			isa = PBXResourcesBuildPhase;
			buildActionMask = 2147483647;
			files = (
				7C0CD466200650F100F39134 /* LaunchScreen.storyboard in Resources */,
				7C0CD463200650F100F39134 /* Assets.xcassets in Resources */,
				7C0CD461200650F100F39134 /* Main.storyboard in Resources */,
			);
			runOnlyForDeploymentPostprocessing = 0;
		};
		7C0CD46A200650F100F39134 /* Resources */ = {
			isa = PBXResourcesBuildPhase;
			buildActionMask = 2147483647;
			files = (
			);
			runOnlyForDeploymentPostprocessing = 0;
		};
		7C5D99AF1FDCDA9B00FB1D5C /* Resources */ = {
			isa = PBXResourcesBuildPhase;
			buildActionMask = 2147483647;
			files = (
			);
			runOnlyForDeploymentPostprocessing = 0;
		};
		7C5D99B81FDCDA9B00FB1D5C /* Resources */ = {
			isa = PBXResourcesBuildPhase;
			buildActionMask = 2147483647;
			files = (
			);
			runOnlyForDeploymentPostprocessing = 0;
		};
/* End PBXResourcesBuildPhase section */

/* Begin PBXSourcesBuildPhase section */
		7C0CD453200650F100F39134 /* Sources */ = {
			isa = PBXSourcesBuildPhase;
			buildActionMask = 2147483647;
			files = (
				7C0CD48E20067F8100F39134 /* OutlineTableViewCell.swift in Sources */,
				7C0CD45E200650F100F39134 /* SecondViewController.swift in Sources */,
				7C0CD45A200650F100F39134 /* AppDelegate.swift in Sources */,
				7C0CD48520065E1E00F39134 /* CurriculumViewController.swift in Sources */,
				7C0CD45C200650F100F39134 /* FirstViewController.swift in Sources */,
				7C0CD48320065C3D00F39134 /* CourseTableViewCell.swift in Sources */,
				7C0CD4872006607D00F39134 /* CourseViewController.swift in Sources */,
				7C0CD48A2006639F00F39134 /* IdentityViewController.swift in Sources */,
			);
			runOnlyForDeploymentPostprocessing = 0;
		};
		7C0CD468200650F100F39134 /* Sources */ = {
			isa = PBXSourcesBuildPhase;
			buildActionMask = 2147483647;
			files = (
				7C0CD471200650F100F39134 /* DemoAppTests.swift in Sources */,
			);
			runOnlyForDeploymentPostprocessing = 0;
		};
		7C5D99AC1FDCDA9B00FB1D5C /* Sources */ = {
			isa = PBXSourcesBuildPhase;
			buildActionMask = 2147483647;
			files = (
				7C8666091FEBD741003022D1 /* SDConstants.swift in Sources */,
				7C0CD48C2006775C00F39134 /* SDCourse.swift in Sources */,
				7C8666051FEBC337003022D1 /* SDAuthenticator.swift in Sources */,
				7C5D99CF1FDCDB5000FB1D5C /* SDIdentityManager.swift in Sources */,
				7C5D99CC1FDCDAB600FB1D5C /* SDRequester.swift in Sources */,
				7C0CD44F200647E000F39134 /* SDPlaceManager.swift in Sources */,
				7C0CD4512006490600F39134 /* SDPlace.swift in Sources */,
				7C8666071FEBD681003022D1 /* SDSocial.swift in Sources */,
				7C8666111FF9A44D003022D1 /* SDCurriculum.swift in Sources */,
				7C86660F1FF99F77003022D1 /* SDParser.swift in Sources */,
			);
			runOnlyForDeploymentPostprocessing = 0;
		};
		7C5D99B61FDCDA9B00FB1D5C /* Sources */ = {
			isa = PBXSourcesBuildPhase;
			buildActionMask = 2147483647;
			files = (
				7C5D99C01FDCDA9B00FB1D5C /* SwiftyDukeTests.swift in Sources */,
			);
			runOnlyForDeploymentPostprocessing = 0;
		};
/* End PBXSourcesBuildPhase section */

/* Begin PBXTargetDependency section */
		7C0CD46E200650F100F39134 /* PBXTargetDependency */ = {
			isa = PBXTargetDependency;
			target = 7C0CD456200650F100F39134 /* DemoApp */;
			targetProxy = 7C0CD46D200650F100F39134 /* PBXContainerItemProxy */;
		};
		7C0CD4802006531200F39134 /* PBXTargetDependency */ = {
			isa = PBXTargetDependency;
			target = 7C5D99B01FDCDA9B00FB1D5C /* SwiftyDuke */;
			targetProxy = 7C0CD47F2006531200F39134 /* PBXContainerItemProxy */;
		};
		7C5D99BD1FDCDA9B00FB1D5C /* PBXTargetDependency */ = {
			isa = PBXTargetDependency;
			target = 7C5D99B01FDCDA9B00FB1D5C /* SwiftyDuke */;
			targetProxy = 7C5D99BC1FDCDA9B00FB1D5C /* PBXContainerItemProxy */;
		};
/* End PBXTargetDependency section */

/* Begin PBXVariantGroup section */
		7C0CD45F200650F100F39134 /* Main.storyboard */ = {
			isa = PBXVariantGroup;
			children = (
				7C0CD460200650F100F39134 /* Base */,
			);
			name = Main.storyboard;
			sourceTree = "<group>";
		};
		7C0CD464200650F100F39134 /* LaunchScreen.storyboard */ = {
			isa = PBXVariantGroup;
			children = (
				7C0CD465200650F100F39134 /* Base */,
			);
			name = LaunchScreen.storyboard;
			sourceTree = "<group>";
		};
/* End PBXVariantGroup section */

/* Begin XCBuildConfiguration section */
		7C0CD474200650F100F39134 /* Debug */ = {
			isa = XCBuildConfiguration;
			buildSettings = {
				ALWAYS_EMBED_SWIFT_STANDARD_LIBRARIES = YES;
				ASSETCATALOG_COMPILER_APPICON_NAME = AppIcon;
				CODE_SIGN_STYLE = Automatic;
				DEVELOPMENT_TEAM = 65ZN6CM2H7;
				INFOPLIST_FILE = DemoApp/Info.plist;
				LD_RUNPATH_SEARCH_PATHS = "$(inherited) @executable_path/Frameworks";
				PRODUCT_BUNDLE_IDENTIFIER = lucy.DemoApp;
				PRODUCT_NAME = "$(TARGET_NAME)";
				SWIFT_VERSION = 4.0;
				TARGETED_DEVICE_FAMILY = "1,2";
			};
			name = Debug;
		};
		7C0CD475200650F100F39134 /* Release */ = {
			isa = XCBuildConfiguration;
			buildSettings = {
				ALWAYS_EMBED_SWIFT_STANDARD_LIBRARIES = YES;
				ASSETCATALOG_COMPILER_APPICON_NAME = AppIcon;
				CODE_SIGN_STYLE = Automatic;
				DEVELOPMENT_TEAM = 65ZN6CM2H7;
				INFOPLIST_FILE = DemoApp/Info.plist;
				LD_RUNPATH_SEARCH_PATHS = "$(inherited) @executable_path/Frameworks";
				PRODUCT_BUNDLE_IDENTIFIER = lucy.DemoApp;
				PRODUCT_NAME = "$(TARGET_NAME)";
				SWIFT_VERSION = 4.0;
				TARGETED_DEVICE_FAMILY = "1,2";
			};
			name = Release;
		};
		7C0CD477200650F100F39134 /* Debug */ = {
			isa = XCBuildConfiguration;
			buildSettings = {
				ALWAYS_EMBED_SWIFT_STANDARD_LIBRARIES = YES;
				BUNDLE_LOADER = "$(TEST_HOST)";
				CODE_SIGN_STYLE = Automatic;
				DEVELOPMENT_TEAM = 65ZN6CM2H7;
				INFOPLIST_FILE = DemoAppTests/Info.plist;
				LD_RUNPATH_SEARCH_PATHS = "$(inherited) @executable_path/Frameworks @loader_path/Frameworks";
				PRODUCT_BUNDLE_IDENTIFIER = lucy.DemoAppTests;
				PRODUCT_NAME = "$(TARGET_NAME)";
				SWIFT_VERSION = 4.0;
				TARGETED_DEVICE_FAMILY = "1,2";
				TEST_HOST = "$(BUILT_PRODUCTS_DIR)/DemoApp.app/DemoApp";
			};
			name = Debug;
		};
		7C0CD478200650F100F39134 /* Release */ = {
			isa = XCBuildConfiguration;
			buildSettings = {
				ALWAYS_EMBED_SWIFT_STANDARD_LIBRARIES = YES;
				BUNDLE_LOADER = "$(TEST_HOST)";
				CODE_SIGN_STYLE = Automatic;
				DEVELOPMENT_TEAM = 65ZN6CM2H7;
				INFOPLIST_FILE = DemoAppTests/Info.plist;
				LD_RUNPATH_SEARCH_PATHS = "$(inherited) @executable_path/Frameworks @loader_path/Frameworks";
				PRODUCT_BUNDLE_IDENTIFIER = lucy.DemoAppTests;
				PRODUCT_NAME = "$(TARGET_NAME)";
				SWIFT_VERSION = 4.0;
				TARGETED_DEVICE_FAMILY = "1,2";
				TEST_HOST = "$(BUILT_PRODUCTS_DIR)/DemoApp.app/DemoApp";
			};
			name = Release;
		};
		7C5D99C31FDCDA9B00FB1D5C /* Debug */ = {
			isa = XCBuildConfiguration;
			buildSettings = {
				ALWAYS_SEARCH_USER_PATHS = NO;
				CLANG_ANALYZER_NONNULL = YES;
				CLANG_ANALYZER_NUMBER_OBJECT_CONVERSION = YES_AGGRESSIVE;
				CLANG_CXX_LANGUAGE_STANDARD = "gnu++14";
				CLANG_CXX_LIBRARY = "libc++";
				CLANG_ENABLE_MODULES = YES;
				CLANG_ENABLE_OBJC_ARC = YES;
				CLANG_WARN_BLOCK_CAPTURE_AUTORELEASING = YES;
				CLANG_WARN_BOOL_CONVERSION = YES;
				CLANG_WARN_COMMA = YES;
				CLANG_WARN_CONSTANT_CONVERSION = YES;
				CLANG_WARN_DIRECT_OBJC_ISA_USAGE = YES_ERROR;
				CLANG_WARN_DOCUMENTATION_COMMENTS = YES;
				CLANG_WARN_EMPTY_BODY = YES;
				CLANG_WARN_ENUM_CONVERSION = YES;
				CLANG_WARN_INFINITE_RECURSION = YES;
				CLANG_WARN_INT_CONVERSION = YES;
				CLANG_WARN_NON_LITERAL_NULL_CONVERSION = YES;
				CLANG_WARN_OBJC_LITERAL_CONVERSION = YES;
				CLANG_WARN_OBJC_ROOT_CLASS = YES_ERROR;
				CLANG_WARN_RANGE_LOOP_ANALYSIS = YES;
				CLANG_WARN_STRICT_PROTOTYPES = YES;
				CLANG_WARN_SUSPICIOUS_MOVE = YES;
				CLANG_WARN_UNGUARDED_AVAILABILITY = YES_AGGRESSIVE;
				CLANG_WARN_UNREACHABLE_CODE = YES;
				CLANG_WARN__DUPLICATE_METHOD_MATCH = YES;
				CODE_SIGN_IDENTITY = "iPhone Developer";
				COPY_PHASE_STRIP = NO;
				CURRENT_PROJECT_VERSION = 1;
				DEBUG_INFORMATION_FORMAT = dwarf;
				ENABLE_STRICT_OBJC_MSGSEND = YES;
				ENABLE_TESTABILITY = YES;
				GCC_C_LANGUAGE_STANDARD = gnu11;
				GCC_DYNAMIC_NO_PIC = NO;
				GCC_NO_COMMON_BLOCKS = YES;
				GCC_OPTIMIZATION_LEVEL = 0;
				GCC_PREPROCESSOR_DEFINITIONS = (
					"DEBUG=1",
					"$(inherited)",
				);
				GCC_WARN_64_TO_32_BIT_CONVERSION = YES;
				GCC_WARN_ABOUT_RETURN_TYPE = YES_ERROR;
				GCC_WARN_UNDECLARED_SELECTOR = YES;
				GCC_WARN_UNINITIALIZED_AUTOS = YES_AGGRESSIVE;
				GCC_WARN_UNUSED_FUNCTION = YES;
				GCC_WARN_UNUSED_VARIABLE = YES;
				IPHONEOS_DEPLOYMENT_TARGET = 11.2;
				MTL_ENABLE_DEBUG_INFO = YES;
				ONLY_ACTIVE_ARCH = YES;
				SDKROOT = iphoneos;
				SWIFT_ACTIVE_COMPILATION_CONDITIONS = DEBUG;
				SWIFT_OPTIMIZATION_LEVEL = "-Onone";
				VERSIONING_SYSTEM = "apple-generic";
				VERSION_INFO_PREFIX = "";
			};
			name = Debug;
		};
		7C5D99C41FDCDA9B00FB1D5C /* Release */ = {
			isa = XCBuildConfiguration;
			buildSettings = {
				ALWAYS_SEARCH_USER_PATHS = NO;
				CLANG_ANALYZER_NONNULL = YES;
				CLANG_ANALYZER_NUMBER_OBJECT_CONVERSION = YES_AGGRESSIVE;
				CLANG_CXX_LANGUAGE_STANDARD = "gnu++14";
				CLANG_CXX_LIBRARY = "libc++";
				CLANG_ENABLE_MODULES = YES;
				CLANG_ENABLE_OBJC_ARC = YES;
				CLANG_WARN_BLOCK_CAPTURE_AUTORELEASING = YES;
				CLANG_WARN_BOOL_CONVERSION = YES;
				CLANG_WARN_COMMA = YES;
				CLANG_WARN_CONSTANT_CONVERSION = YES;
				CLANG_WARN_DIRECT_OBJC_ISA_USAGE = YES_ERROR;
				CLANG_WARN_DOCUMENTATION_COMMENTS = YES;
				CLANG_WARN_EMPTY_BODY = YES;
				CLANG_WARN_ENUM_CONVERSION = YES;
				CLANG_WARN_INFINITE_RECURSION = YES;
				CLANG_WARN_INT_CONVERSION = YES;
				CLANG_WARN_NON_LITERAL_NULL_CONVERSION = YES;
				CLANG_WARN_OBJC_LITERAL_CONVERSION = YES;
				CLANG_WARN_OBJC_ROOT_CLASS = YES_ERROR;
				CLANG_WARN_RANGE_LOOP_ANALYSIS = YES;
				CLANG_WARN_STRICT_PROTOTYPES = YES;
				CLANG_WARN_SUSPICIOUS_MOVE = YES;
				CLANG_WARN_UNGUARDED_AVAILABILITY = YES_AGGRESSIVE;
				CLANG_WARN_UNREACHABLE_CODE = YES;
				CLANG_WARN__DUPLICATE_METHOD_MATCH = YES;
				CODE_SIGN_IDENTITY = "iPhone Developer";
				COPY_PHASE_STRIP = NO;
				CURRENT_PROJECT_VERSION = 1;
				DEBUG_INFORMATION_FORMAT = "dwarf-with-dsym";
				ENABLE_NS_ASSERTIONS = NO;
				ENABLE_STRICT_OBJC_MSGSEND = YES;
				GCC_C_LANGUAGE_STANDARD = gnu11;
				GCC_NO_COMMON_BLOCKS = YES;
				GCC_WARN_64_TO_32_BIT_CONVERSION = YES;
				GCC_WARN_ABOUT_RETURN_TYPE = YES_ERROR;
				GCC_WARN_UNDECLARED_SELECTOR = YES;
				GCC_WARN_UNINITIALIZED_AUTOS = YES_AGGRESSIVE;
				GCC_WARN_UNUSED_FUNCTION = YES;
				GCC_WARN_UNUSED_VARIABLE = YES;
				IPHONEOS_DEPLOYMENT_TARGET = 11.2;
				MTL_ENABLE_DEBUG_INFO = NO;
				SDKROOT = iphoneos;
				SWIFT_OPTIMIZATION_LEVEL = "-Owholemodule";
				VALIDATE_PRODUCT = YES;
				VERSIONING_SYSTEM = "apple-generic";
				VERSION_INFO_PREFIX = "";
			};
			name = Release;
		};
		7C5D99C61FDCDA9B00FB1D5C /* Debug */ = {
			isa = XCBuildConfiguration;
			buildSettings = {
				CLANG_ENABLE_MODULES = YES;
				CODE_SIGN_IDENTITY = "";
				CODE_SIGN_STYLE = Automatic;
				DEFINES_MODULE = YES;
				DEVELOPMENT_TEAM = 65ZN6CM2H7;
				DYLIB_COMPATIBILITY_VERSION = 1;
				DYLIB_CURRENT_VERSION = 1;
				DYLIB_INSTALL_NAME_BASE = "@rpath";
				INFOPLIST_FILE = SwiftyDuke/Info.plist;
				INSTALL_PATH = "$(LOCAL_LIBRARY_DIR)/Frameworks";
				LD_RUNPATH_SEARCH_PATHS = "$(inherited) @executable_path/Frameworks @loader_path/Frameworks";
				PRODUCT_BUNDLE_IDENTIFIER = lucy.SwiftyDuke;
				PRODUCT_NAME = "$(TARGET_NAME:c99extidentifier)";
				SKIP_INSTALL = YES;
				SWIFT_OPTIMIZATION_LEVEL = "-Onone";
				SWIFT_VERSION = 4.0;
				TARGETED_DEVICE_FAMILY = "1,2";
			};
			name = Debug;
		};
		7C5D99C71FDCDA9B00FB1D5C /* Release */ = {
			isa = XCBuildConfiguration;
			buildSettings = {
				CLANG_ENABLE_MODULES = YES;
				CODE_SIGN_IDENTITY = "";
				CODE_SIGN_STYLE = Automatic;
				DEFINES_MODULE = YES;
				DEVELOPMENT_TEAM = 65ZN6CM2H7;
				DYLIB_COMPATIBILITY_VERSION = 1;
				DYLIB_CURRENT_VERSION = 1;
				DYLIB_INSTALL_NAME_BASE = "@rpath";
				INFOPLIST_FILE = SwiftyDuke/Info.plist;
				INSTALL_PATH = "$(LOCAL_LIBRARY_DIR)/Frameworks";
				LD_RUNPATH_SEARCH_PATHS = "$(inherited) @executable_path/Frameworks @loader_path/Frameworks";
				PRODUCT_BUNDLE_IDENTIFIER = lucy.SwiftyDuke;
				PRODUCT_NAME = "$(TARGET_NAME:c99extidentifier)";
				SKIP_INSTALL = YES;
				SWIFT_VERSION = 4.0;
				TARGETED_DEVICE_FAMILY = "1,2";
			};
			name = Release;
		};
		7C5D99C91FDCDA9B00FB1D5C /* Debug */ = {
			isa = XCBuildConfiguration;
			buildSettings = {
				ALWAYS_EMBED_SWIFT_STANDARD_LIBRARIES = YES;
				CODE_SIGN_STYLE = Automatic;
				DEVELOPMENT_TEAM = 65ZN6CM2H7;
				INFOPLIST_FILE = SwiftyDukeTests/Info.plist;
				LD_RUNPATH_SEARCH_PATHS = "$(inherited) @executable_path/Frameworks @loader_path/Frameworks";
				PRODUCT_BUNDLE_IDENTIFIER = lucy.SwiftyDukeTests;
				PRODUCT_NAME = "$(TARGET_NAME)";
				SWIFT_VERSION = 4.0;
				TARGETED_DEVICE_FAMILY = "1,2";
			};
			name = Debug;
		};
		7C5D99CA1FDCDA9B00FB1D5C /* Release */ = {
			isa = XCBuildConfiguration;
			buildSettings = {
				ALWAYS_EMBED_SWIFT_STANDARD_LIBRARIES = YES;
				CODE_SIGN_STYLE = Automatic;
				DEVELOPMENT_TEAM = 65ZN6CM2H7;
				INFOPLIST_FILE = SwiftyDukeTests/Info.plist;
				LD_RUNPATH_SEARCH_PATHS = "$(inherited) @executable_path/Frameworks @loader_path/Frameworks";
				PRODUCT_BUNDLE_IDENTIFIER = lucy.SwiftyDukeTests;
				PRODUCT_NAME = "$(TARGET_NAME)";
				SWIFT_VERSION = 4.0;
				TARGETED_DEVICE_FAMILY = "1,2";
			};
			name = Release;
		};
/* End XCBuildConfiguration section */

/* Begin XCConfigurationList section */
		7C0CD473200650F100F39134 /* Build configuration list for PBXNativeTarget "DemoApp" */ = {
			isa = XCConfigurationList;
			buildConfigurations = (
				7C0CD474200650F100F39134 /* Debug */,
				7C0CD475200650F100F39134 /* Release */,
			);
			defaultConfigurationIsVisible = 0;
			defaultConfigurationName = Release;
		};
		7C0CD476200650F100F39134 /* Build configuration list for PBXNativeTarget "DemoAppTests" */ = {
			isa = XCConfigurationList;
			buildConfigurations = (
				7C0CD477200650F100F39134 /* Debug */,
				7C0CD478200650F100F39134 /* Release */,
			);
			defaultConfigurationIsVisible = 0;
			defaultConfigurationName = Release;
		};
		7C5D99AB1FDCDA9A00FB1D5C /* Build configuration list for PBXProject "SwiftyDuke" */ = {
			isa = XCConfigurationList;
			buildConfigurations = (
				7C5D99C31FDCDA9B00FB1D5C /* Debug */,
				7C5D99C41FDCDA9B00FB1D5C /* Release */,
			);
			defaultConfigurationIsVisible = 0;
			defaultConfigurationName = Release;
		};
		7C5D99C51FDCDA9B00FB1D5C /* Build configuration list for PBXNativeTarget "SwiftyDuke" */ = {
			isa = XCConfigurationList;
			buildConfigurations = (
				7C5D99C61FDCDA9B00FB1D5C /* Debug */,
				7C5D99C71FDCDA9B00FB1D5C /* Release */,
			);
			defaultConfigurationIsVisible = 0;
			defaultConfigurationName = Release;
		};
		7C5D99C81FDCDA9B00FB1D5C /* Build configuration list for PBXNativeTarget "SwiftyDukeTests" */ = {
			isa = XCConfigurationList;
			buildConfigurations = (
				7C5D99C91FDCDA9B00FB1D5C /* Debug */,
				7C5D99CA1FDCDA9B00FB1D5C /* Release */,
			);
			defaultConfigurationIsVisible = 0;
			defaultConfigurationName = Release;
		};
/* End XCConfigurationList section */
	};
	rootObject = 7C5D99A81FDCDA9A00FB1D5C /* Project object */;
}
